
Microsoft Visual Studio Solution File, Format Version 12.00
# Visual Studio Version 17
VisualStudioVersion = 17.10.35027.167
MinimumVisualStudioVersion = 10.0.40219.1
Project("{FAE04EC0-301F-11D3-BF4B-00C04F79EFBC}") = "ConsumoApis_Grafica", "ConsumoApis_Grafica\ConsumoApis_Grafica.csproj", "{03FD12DC-D1BA-4583-BDDB-F012268EFCC6}"
EndProject
Global
	GlobalSection(SolutionConfigurationPlatforms) = preSolution
		Debug|Any CPU = Debug|Any CPU
		Release|Any CPU = Release|Any CPU
	EndGlobalSection
	GlobalSection(ProjectConfigurationPlatforms) = postSolution
		{03FD12DC-D1BA-4583-BDDB-F012268EFCC6}.Debug|Any CPU.ActiveCfg = Debug|Any CPU
		{03FD12DC-D1BA-4583-BDDB-F012268EFCC6}.Debug|Any CPU.Build.0 = Debug|Any CPU
		{03FD12DC-D1BA-4583-BDDB-F012268EFCC6}.Release|Any CPU.ActiveCfg = Release|Any CPU
		{03FD12DC-D1BA-4583-BDDB-F012268EFCC6}.Release|Any CPU.Build.0 = Release|Any CPU
	EndGlobalSection
	GlobalSection(SolutionProperties) = preSolution
		HideSolutionNode = FALSE
	EndGlobalSection
	GlobalSection(ExtensibilityGlobals) = postSolution
		SolutionGuid = {B4C03FE7-7CC2-4F27-A1B5-0CFD7B08A801}
	EndGlobalSection
EndGlobal
